
Microsoft Visual Studio Solution File, Format Version 12.00
# Visual Studio Version 17
VisualStudioVersion = 17.5.33516.290
MinimumVisualStudioVersion = 10.0.40219.1
Project("{FAE04EC0-301F-11D3-BF4B-00C04F79EFBC}") = "Polimorfizm", "Polimorfizm\Polimorfizm.csproj", "{B9CA26D1-D016-4176-8878-B3C216951CAE}"
EndProject
Global
	GlobalSection(SolutionConfigurationPlatforms) = preSolution
		Debug|Any CPU = Debug|Any CPU
		Release|Any CPU = Release|Any CPU
	EndGlobalSection
	GlobalSection(ProjectConfigurationPlatforms) = postSolution
		{B9CA26D1-D016-4176-8878-B3C216951CAE}.Debug|Any CPU.ActiveCfg = Debug|Any CPU
		{B9CA26D1-D016-4176-8878-B3C216951CAE}.Debug|Any CPU.Build.0 = Debug|Any CPU
		{B9CA26D1-D016-4176-8878-B3C216951CAE}.Release|Any CPU.ActiveCfg = Release|Any CPU
		{B9CA26D1-D016-4176-8878-B3C216951CAE}.Release|Any CPU.Build.0 = Release|Any CPU
	EndGlobalSection
	GlobalSection(SolutionProperties) = preSolution
		HideSolutionNode = FALSE
	EndGlobalSection
	GlobalSection(ExtensibilityGlobals) = postSolution
		SolutionGuid = {18BB1FC6-5396-4585-9BBD-D504E17E0DE6}
	EndGlobalSection
EndGlobal
